
Microsoft Visual Studio Solution File, Format Version 12.00
# Visual Studio 15
VisualStudioVersion = 15.0.28010.2036
MinimumVisualStudioVersion = 10.0.40219.1
Project("{9A19103F-16F7-4668-BE54-9A1E7A4F7556}") = "bookstore.Server", "bookstore.Server\bookstore.Server.csproj", "{EF097716-6995-412A-8B65-99975BFE7D11}"
EndProject
Project("{9A19103F-16F7-4668-BE54-9A1E7A4F7556}") = "bookstore.Client", "bookstore.Client\bookstore.Client.csproj", "{C67A914E-DCE0-4158-87BB-2859C330C262}"
EndProject
Project("{9A19103F-16F7-4668-BE54-9A1E7A4F7556}") = "bookstore.Shared", "bookstore.Shared\bookstore.Shared.csproj", "{C603E7DD-EBE0-4D3C-B84E-07227900F72A}"
EndProject
Project("{9A19103F-16F7-4668-BE54-9A1E7A4F7556}") = "bookstore.Core", "bookstore.Core\bookstore.Core.csproj", "{501219C1-A01B-4505-BDFE-530093E7813F}"
EndProject
Global
	GlobalSection(SolutionConfigurationPlatforms) = preSolution
		Debug|Any CPU = Debug|Any CPU
		Release|Any CPU = Release|Any CPU
	EndGlobalSection
	GlobalSection(ProjectConfigurationPlatforms) = postSolution
		{EF097716-6995-412A-8B65-99975BFE7D11}.Debug|Any CPU.ActiveCfg = Debug|Any CPU
		{EF097716-6995-412A-8B65-99975BFE7D11}.Debug|Any CPU.Build.0 = Debug|Any CPU
		{EF097716-6995-412A-8B65-99975BFE7D11}.Release|Any CPU.ActiveCfg = Release|Any CPU
		{EF097716-6995-412A-8B65-99975BFE7D11}.Release|Any CPU.Build.0 = Release|Any CPU
		{C67A914E-DCE0-4158-87BB-2859C330C262}.Debug|Any CPU.ActiveCfg = Debug|Any CPU
		{C67A914E-DCE0-4158-87BB-2859C330C262}.Debug|Any CPU.Build.0 = Debug|Any CPU
		{C67A914E-DCE0-4158-87BB-2859C330C262}.Release|Any CPU.ActiveCfg = Release|Any CPU
		{C67A914E-DCE0-4158-87BB-2859C330C262}.Release|Any CPU.Build.0 = Release|Any CPU
		{C603E7DD-EBE0-4D3C-B84E-07227900F72A}.Debug|Any CPU.ActiveCfg = Debug|Any CPU
		{C603E7DD-EBE0-4D3C-B84E-07227900F72A}.Debug|Any CPU.Build.0 = Debug|Any CPU
		{C603E7DD-EBE0-4D3C-B84E-07227900F72A}.Release|Any CPU.ActiveCfg = Release|Any CPU
		{C603E7DD-EBE0-4D3C-B84E-07227900F72A}.Release|Any CPU.Build.0 = Release|Any CPU
		{501219C1-A01B-4505-BDFE-530093E7813F}.Debug|Any CPU.ActiveCfg = Debug|Any CPU
		{501219C1-A01B-4505-BDFE-530093E7813F}.Debug|Any CPU.Build.0 = Debug|Any CPU
		{501219C1-A01B-4505-BDFE-530093E7813F}.Release|Any CPU.ActiveCfg = Release|Any CPU
		{501219C1-A01B-4505-BDFE-530093E7813F}.Release|Any CPU.Build.0 = Release|Any CPU
	EndGlobalSection
	GlobalSection(SolutionProperties) = preSolution
		HideSolutionNode = FALSE
	EndGlobalSection
	GlobalSection(ExtensibilityGlobals) = postSolution
		SolutionGuid = {4ED07F46-06C1-4F75-B65D-D2587B7A706C}
	EndGlobalSection
EndGlobal
